
Microsoft Visual Studio Solution File, Format Version 12.00
# Visual Studio 2012
Project("{FAE04EC0-301F-11D3-BF4B-00C04F79EFBC}") = "BDMS", "BDMS\BDMS.csproj", "{9309E629-A917-4E51-A7CF-0FA08B3E778D}"
EndProject
Global
	GlobalSection(SolutionConfigurationPlatforms) = preSolution
		Debug|Any CPU = Debug|Any CPU
		Release|Any CPU = Release|Any CPU
	EndGlobalSection
	GlobalSection(ProjectConfigurationPlatforms) = postSolution
		{9309E629-A917-4E51-A7CF-0FA08B3E778D}.Debug|Any CPU.ActiveCfg = Debug|Any CPU
		{9309E629-A917-4E51-A7CF-0FA08B3E778D}.Debug|Any CPU.Build.0 = Debug|Any CPU
		{9309E629-A917-4E51-A7CF-0FA08B3E778D}.Release|Any CPU.ActiveCfg = Release|Any CPU
		{9309E629-A917-4E51-A7CF-0FA08B3E778D}.Release|Any CPU.Build.0 = Release|Any CPU
	EndGlobalSection
	GlobalSection(SolutionProperties) = preSolution
		HideSolutionNode = FALSE
	EndGlobalSection
EndGlobal
